// !$*UTF8*$!
{
	archiveVersion = 1;
	classes = {
	};
	objectVersion = 46;
	objects = {

/* Begin PBXBuildFile section */
		1A20CCD3173EA5600044BA4D /* UIKit.framework in Frameworks */ = {isa = PBXBuildFile; fileRef = 1A20CCD2173EA5600044BA4D /* UIKit.framework */; };
		1A20CCD5173EA5600044BA4D /* Foundation.framework in Frameworks */ = {isa = PBXBuildFile; fileRef = 1A20CCD4173EA5600044BA4D /* Foundation.framework */; };
		1A20CCD7173EA5600044BA4D /* CoreGraphics.framework in Frameworks */ = {isa = PBXBuildFile; fileRef = 1A20CCD6173EA5600044BA4D /* CoreGraphics.framework */; };
		1A20CCDD173EA5600044BA4D /* InfoPlist.strings in Resources */ = {isa = PBXBuildFile; fileRef = 1A20CCDB173EA5600044BA4D /* InfoPlist.strings */; };
		1A20CCDF173EA5600044BA4D /* main.m in Sources */ = {isa = PBXBuildFile; fileRef = 1A20CCDE173EA5600044BA4D /* main.m */; };
		1A20CCE3173EA5600044BA4D /* AppDelegate.m in Sources */ = {isa = PBXBuildFile; fileRef = 1A20CCE2173EA5600044BA4D /* AppDelegate.m */; };
		1A20CCE5173EA5600044BA4D /* Default.png in Resources */ = {isa = PBXBuildFile; fileRef = 1A20CCE4173EA5600044BA4D /* Default.png */; };
		1A20CCE7173EA5600044BA4D /* Default@2x.png in Resources */ = {isa = PBXBuildFile; fileRef = 1A20CCE6173EA5600044BA4D /* Default@2x.png */; };
		1A20CCE9173EA5600044BA4D /* Default-568h@2x.png in Resources */ = {isa = PBXBuildFile; fileRef = 1A20CCE8173EA5600044BA4D /* Default-568h@2x.png */; };
		1A20CCEC173EA5600044BA4D /* ViewController.m in Sources */ = {isa = PBXBuildFile; fileRef = 1A20CCEB173EA5600044BA4D /* ViewController.m */; };
		1AD0260C173EF101009D9814 /* COCARDE1.png in Resources */ = {isa = PBXBuildFile; fileRef = 1AD02606173EF101009D9814 /* COCARDE1.png */; };
		1AD0260D173EF101009D9814 /* COCARDE2.png in Resources */ = {isa = PBXBuildFile; fileRef = 1AD02607173EF101009D9814 /* COCARDE2.png */; };
		1AD0260E173EF101009D9814 /* COCARDE3.png in Resources */ = {isa = PBXBuildFile; fileRef = 1AD02608173EF101009D9814 /* COCARDE3.png */; };
		1AD0260F173EF101009D9814 /* LOGO242PX.png in Resources */ = {isa = PBXBuildFile; fileRef = 1AD02609173EF101009D9814 /* LOGO242PX.png */; };
		1AD9988A173F891300C2980E /* AFHTTPClient.m in Sources */ = {isa = PBXBuildFile; fileRef = 1AD99878173F891300C2980E /* AFHTTPClient.m */; };
		1AD9988B173F891300C2980E /* AFHTTPRequestOperation.m in Sources */ = {isa = PBXBuildFile; fileRef = 1AD9987A173F891300C2980E /* AFHTTPRequestOperation.m */; };
		1AD9988C173F891300C2980E /* AFImageRequestOperation.m in Sources */ = {isa = PBXBuildFile; fileRef = 1AD9987C173F891300C2980E /* AFImageRequestOperation.m */; };
		1AD9988D173F891300C2980E /* AFJSONRequestOperation.m in Sources */ = {isa = PBXBuildFile; fileRef = 1AD9987E173F891300C2980E /* AFJSONRequestOperation.m */; };
		1AD9988E173F891300C2980E /* AFNetworkActivityIndicatorManager.m in Sources */ = {isa = PBXBuildFile; fileRef = 1AD99880173F891300C2980E /* AFNetworkActivityIndicatorManager.m */; };
		1AD9988F173F891300C2980E /* AFPropertyListRequestOperation.m in Sources */ = {isa = PBXBuildFile; fileRef = 1AD99883173F891300C2980E /* AFPropertyListRequestOperation.m */; };
		1AD99890173F891300C2980E /* AFURLConnectionOperation.m in Sources */ = {isa = PBXBuildFile; fileRef = 1AD99885173F891300C2980E /* AFURLConnectionOperation.m */; };
		1AD99891173F891300C2980E /* AFXMLRequestOperation.m in Sources */ = {isa = PBXBuildFile; fileRef = 1AD99887173F891300C2980E /* AFXMLRequestOperation.m */; };
		1AD99892173F891300C2980E /* UIImageView+AFNetworking.m in Sources */ = {isa = PBXBuildFile; fileRef = 1AD99889173F891300C2980E /* UIImageView+AFNetworking.m */; };
		1AD99894173FB28000C2980E /* NEXT.png in Resources */ = {isa = PBXBuildFile; fileRef = 1AD99893173FB28000C2980E /* NEXT.png */; };
		1AD998C9173FB9C500C2980E /* ViewController.xib in Resources */ = {isa = PBXBuildFile; fileRef = 1AD998C8173FB9C500C2980E /* ViewController.xib */; };
		1AD998CC173FBDF800C2980E /* logocarre.png in Resources */ = {isa = PBXBuildFile; fileRef = 1AD998CA173FBDF800C2980E /* logocarre.png */; };
		1AD998CD173FBDF800C2980E /* logocarre@2x.png in Resources */ = {isa = PBXBuildFile; fileRef = 1AD998CB173FBDF800C2980E /* logocarre@2x.png */; };
		1AD998CF173FBE0800C2980E /* logocarre@2x.png in Resources */ = {isa = PBXBuildFile; fileRef = 1AD998CE173FBE0800C2980E /* logocarre@2x.png */; };
		1AD998D1173FBE0D00C2980E /* logocarre.png in Resources */ = {isa = PBXBuildFile; fileRef = 1AD998D0173FBE0D00C2980E /* logocarre.png */; };
/* End PBXBuildFile section */

/* Begin PBXFileReference section */
		1A20CCCF173EA5600044BA4D /* Jungle Battle.app */ = {isa = PBXFileReference; explicitFileType = wrapper.application; includeInIndex = 0; path = "Jungle Battle.app"; sourceTree = BUILT_PRODUCTS_DIR; };
		1A20CCD2173EA5600044BA4D /* UIKit.framework */ = {isa = PBXFileReference; lastKnownFileType = wrapper.framework; name = UIKit.framework; path = System/Library/Frameworks/UIKit.framework; sourceTree = SDKROOT; };
		1A20CCD4173EA5600044BA4D /* Foundation.framework */ = {isa = PBXFileReference; lastKnownFileType = wrapper.framework; name = Foundation.framework; path = System/Library/Frameworks/Foundation.framework; sourceTree = SDKROOT; };
		1A20CCD6173EA5600044BA4D /* CoreGraphics.framework */ = {isa = PBXFileReference; lastKnownFileType = wrapper.framework; name = CoreGraphics.framework; path = System/Library/Frameworks/CoreGraphics.framework; sourceTree = SDKROOT; };
		1A20CCDA173EA5600044BA4D /* Jungle Battle-Info.plist */ = {isa = PBXFileReference; lastKnownFileType = text.plist.xml; path = "Jungle Battle-Info.plist"; sourceTree = "<group>"; };
		1A20CCDC173EA5600044BA4D /* en */ = {isa = PBXFileReference; lastKnownFileType = text.plist.strings; name = en; path = en.lproj/InfoPlist.strings; sourceTree = "<group>"; };
		1A20CCDE173EA5600044BA4D /* main.m */ = {isa = PBXFileReference; lastKnownFileType = sourcecode.c.objc; path = main.m; sourceTree = "<group>"; };
		1A20CCE0173EA5600044BA4D /* Jungle Battle-Prefix.pch */ = {isa = PBXFileReference; lastKnownFileType = sourcecode.c.h; path = "Jungle Battle-Prefix.pch"; sourceTree = "<group>"; };
		1A20CCE1173EA5600044BA4D /* AppDelegate.h */ = {isa = PBXFileReference; lastKnownFileType = sourcecode.c.h; path = AppDelegate.h; sourceTree = "<group>"; };
		1A20CCE2173EA5600044BA4D /* AppDelegate.m */ = {isa = PBXFileReference; lastKnownFileType = sourcecode.c.objc; path = AppDelegate.m; sourceTree = "<group>"; };
		1A20CCE4173EA5600044BA4D /* Default.png */ = {isa = PBXFileReference; lastKnownFileType = image.png; path = Default.png; sourceTree = "<group>"; };
		1A20CCE6173EA5600044BA4D /* Default@2x.png */ = {isa = PBXFileReference; lastKnownFileType = image.png; path = "Default@2x.png"; sourceTree = "<group>"; };
		1A20CCE8173EA5600044BA4D /* Default-568h@2x.png */ = {isa = PBXFileReference; lastKnownFileType = image.png; path = "Default-568h@2x.png"; sourceTree = "<group>"; };
		1A20CCEA173EA5600044BA4D /* ViewController.h */ = {isa = PBXFileReference; lastKnownFileType = sourcecode.c.h; path = ViewController.h; sourceTree = "<group>"; };
		1A20CCEB173EA5600044BA4D /* ViewController.m */ = {isa = PBXFileReference; lastKnownFileType = sourcecode.c.objc; path = ViewController.m; sourceTree = "<group>"; };
		1AD02606173EF101009D9814 /* COCARDE1.png */ = {isa = PBXFileReference; lastKnownFileType = image.png; path = COCARDE1.png; sourceTree = "<group>"; };
		1AD02607173EF101009D9814 /* COCARDE2.png */ = {isa = PBXFileReference; lastKnownFileType = image.png; path = COCARDE2.png; sourceTree = "<group>"; };
		1AD02608173EF101009D9814 /* COCARDE3.png */ = {isa = PBXFileReference; lastKnownFileType = image.png; path = COCARDE3.png; sourceTree = "<group>"; };
		1AD02609173EF101009D9814 /* LOGO242PX.png */ = {isa = PBXFileReference; lastKnownFileType = image.png; path = LOGO242PX.png; sourceTree = "<group>"; };
		1AD99877173F891300C2980E /* AFHTTPClient.h */ = {isa = PBXFileReference; fileEncoding = 4; lastKnownFileType = sourcecode.c.h; path = AFHTTPClient.h; sourceTree = "<group>"; };
		1AD99878173F891300C2980E /* AFHTTPClient.m */ = {isa = PBXFileReference; fileEncoding = 4; lastKnownFileType = sourcecode.c.objc; path = AFHTTPClient.m; sourceTree = "<group>"; };
		1AD99879173F891300C2980E /* AFHTTPRequestOperation.h */ = {isa = PBXFileReference; fileEncoding = 4; lastKnownFileType = sourcecode.c.h; path = AFHTTPRequestOperation.h; sourceTree = "<group>"; };
		1AD9987A173F891300C2980E /* AFHTTPRequestOperation.m */ = {isa = PBXFileReference; fileEncoding = 4; lastKnownFileType = sourcecode.c.objc; path = AFHTTPRequestOperation.m; sourceTree = "<group>"; };
		1AD9987B173F891300C2980E /* AFImageRequestOperation.h */ = {isa = PBXFileReference; fileEncoding = 4; lastKnownFileType = sourcecode.c.h; path = AFImageRequestOperation.h; sourceTree = "<group>"; };
		1AD9987C173F891300C2980E /* AFImageRequestOperation.m */ = {isa = PBXFileReference; fileEncoding = 4; lastKnownFileType = sourcecode.c.objc; path = AFImageRequestOperation.m; sourceTree = "<group>"; };
		1AD9987D173F891300C2980E /* AFJSONRequestOperation.h */ = {isa = PBXFileReference; fileEncoding = 4; lastKnownFileType = sourcecode.c.h; path = AFJSONRequestOperation.h; sourceTree = "<group>"; };
		1AD9987E173F891300C2980E /* AFJSONRequestOperation.m */ = {isa = PBXFileReference; fileEncoding = 4; lastKnownFileType = sourcecode.c.objc; path = AFJSONRequestOperation.m; sourceTree = "<group>"; };
		1AD9987F173F891300C2980E /* AFNetworkActivityIndicatorManager.h */ = {isa = PBXFileReference; fileEncoding = 4; lastKnownFileType = sourcecode.c.h; path = AFNetworkActivityIndicatorManager.h; sourceTree = "<group>"; };
		1AD99880173F891300C2980E /* AFNetworkActivityIndicatorManager.m */ = {isa = PBXFileReference; fileEncoding = 4; lastKnownFileType = sourcecode.c.objc; path = AFNetworkActivityIndicatorManager.m; sourceTree = "<group>"; };
		1AD99881173F891300C2980E /* AFNetworking.h */ = {isa = PBXFileReference; fileEncoding = 4; lastKnownFileType = sourcecode.c.h; path = AFNetworking.h; sourceTree = "<group>"; };
		1AD99882173F891300C2980E /* AFPropertyListRequestOperation.h */ = {isa = PBXFileReference; fileEncoding = 4; lastKnownFileType = sourcecode.c.h; path = AFPropertyListRequestOperation.h; sourceTree = "<group>"; };
		1AD99883173F891300C2980E /* AFPropertyListRequestOperation.m */ = {isa = PBXFileReference; fileEncoding = 4; lastKnownFileType = sourcecode.c.objc; path = AFPropertyListRequestOperation.m; sourceTree = "<group>"; };
		1AD99884173F891300C2980E /* AFURLConnectionOperation.h */ = {isa = PBXFileReference; fileEncoding = 4; lastKnownFileType = sourcecode.c.h; path = AFURLConnectionOperation.h; sourceTree = "<group>"; };
		1AD99885173F891300C2980E /* AFURLConnectionOperation.m */ = {isa = PBXFileReference; fileEncoding = 4; lastKnownFileType = sourcecode.c.objc; path = AFURLConnectionOperation.m; sourceTree = "<group>"; };
		1AD99886173F891300C2980E /* AFXMLRequestOperation.h */ = {isa = PBXFileReference; fileEncoding = 4; lastKnownFileType = sourcecode.c.h; path = AFXMLRequestOperation.h; sourceTree = "<group>"; };
		1AD99887173F891300C2980E /* AFXMLRequestOperation.m */ = {isa = PBXFileReference; fileEncoding = 4; lastKnownFileType = sourcecode.c.objc; path = AFXMLRequestOperation.m; sourceTree = "<group>"; };
		1AD99888173F891300C2980E /* UIImageView+AFNetworking.h */ = {isa = PBXFileReference; fileEncoding = 4; lastKnownFileType = sourcecode.c.h; path = "UIImageView+AFNetworking.h"; sourceTree = "<group>"; };
		1AD99889173F891300C2980E /* UIImageView+AFNetworking.m */ = {isa = PBXFileReference; fileEncoding = 4; lastKnownFileType = sourcecode.c.objc; path = "UIImageView+AFNetworking.m"; sourceTree = "<group>"; };
		1AD99893173FB28000C2980E /* NEXT.png */ = {isa = PBXFileReference; lastKnownFileType = image.png; path = NEXT.png; sourceTree = "<group>"; };
		1AD998C8173FB9C500C2980E /* ViewController.xib */ = {isa = PBXFileReference; fileEncoding = 4; lastKnownFileType = file.xib; path = ViewController.xib; sourceTree = "<group>"; };
		1AD998CA173FBDF800C2980E /* logocarre.png */ = {isa = PBXFileReference; lastKnownFileType = image.png; path = logocarre.png; sourceTree = "<group>"; };
		1AD998CB173FBDF800C2980E /* logocarre@2x.png */ = {isa = PBXFileReference; lastKnownFileType = image.png; path = "logocarre@2x.png"; sourceTree = "<group>"; };
		1AD998CE173FBE0800C2980E /* logocarre@2x.png */ = {isa = PBXFileReference; lastKnownFileType = image.png; path = "logocarre@2x.png"; sourceTree = "<group>"; };
		1AD998D0173FBE0D00C2980E /* logocarre.png */ = {isa = PBXFileReference; lastKnownFileType = image.png; path = logocarre.png; sourceTree = "<group>"; };
/* End PBXFileReference section */

/* Begin PBXFrameworksBuildPhase section */
		1A20CCCC173EA5600044BA4D /* Frameworks */ = {
			isa = PBXFrameworksBuildPhase;
			buildActionMask = 2147483647;
			files = (
				1A20CCD3173EA5600044BA4D /* UIKit.framework in Frameworks */,
				1A20CCD5173EA5600044BA4D /* Foundation.framework in Frameworks */,
				1A20CCD7173EA5600044BA4D /* CoreGraphics.framework in Frameworks */,
			);
			runOnlyForDeploymentPostprocessing = 0;
		};
/* End PBXFrameworksBuildPhase section */

/* Begin PBXGroup section */
		1A20CCC6173EA5600044BA4D = {
			isa = PBXGroup;
			children = (
				1AD998D0173FBE0D00C2980E /* logocarre.png */,
				1AD998CE173FBE0800C2980E /* logocarre@2x.png */,
				1A20CCD8173EA5600044BA4D /* Jungle Battle */,
				1AD99876173F891300C2980E /* AFNetworking */,
				1A20CCD1173EA5600044BA4D /* Frameworks */,
				1A20CCD0173EA5600044BA4D /* Products */,
			);
			sourceTree = "<group>";
		};
		1A20CCD0173EA5600044BA4D /* Products */ = {
			isa = PBXGroup;
			children = (
				1A20CCCF173EA5600044BA4D /* Jungle Battle.app */,
			);
			name = Products;
			sourceTree = "<group>";
		};
		1A20CCD1173EA5600044BA4D /* Frameworks */ = {
			isa = PBXGroup;
			children = (
				1A20CCD2173EA5600044BA4D /* UIKit.framework */,
				1A20CCD4173EA5600044BA4D /* Foundation.framework */,
				1A20CCD6173EA5600044BA4D /* CoreGraphics.framework */,
			);
			name = Frameworks;
			sourceTree = "<group>";
		};
		1A20CCD8173EA5600044BA4D /* Jungle Battle */ = {
			isa = PBXGroup;
			children = (
				1A20CCE1173EA5600044BA4D /* AppDelegate.h */,
				1A20CCE2173EA5600044BA4D /* AppDelegate.m */,
				1A20CCEA173EA5600044BA4D /* ViewController.h */,
				1A20CCEB173EA5600044BA4D /* ViewController.m */,
				1AD998C8173FB9C500C2980E /* ViewController.xib */,
				1AD02605173EF0ED009D9814 /* Assests */,
				1A20CCD9173EA5600044BA4D /* Supporting Files */,
			);
			path = "Jungle Battle";
			sourceTree = "<group>";
		};
		1A20CCD9173EA5600044BA4D /* Supporting Files */ = {
			isa = PBXGroup;
			children = (
				1A20CCDA173EA5600044BA4D /* Jungle Battle-Info.plist */,
				1A20CCDB173EA5600044BA4D /* InfoPlist.strings */,
				1A20CCDE173EA5600044BA4D /* main.m */,
				1A20CCE0173EA5600044BA4D /* Jungle Battle-Prefix.pch */,
				1A20CCE4173EA5600044BA4D /* Default.png */,
				1A20CCE6173EA5600044BA4D /* Default@2x.png */,
				1A20CCE8173EA5600044BA4D /* Default-568h@2x.png */,
			);
			name = "Supporting Files";
			sourceTree = "<group>";
		};
		1AD02605173EF0ED009D9814 /* Assests */ = {
			isa = PBXGroup;
			children = (
				1AD998CA173FBDF800C2980E /* logocarre.png */,
				1AD998CB173FBDF800C2980E /* logocarre@2x.png */,
				1AD02606173EF101009D9814 /* COCARDE1.png */,
				1AD02607173EF101009D9814 /* COCARDE2.png */,
				1AD02608173EF101009D9814 /* COCARDE3.png */,
				1AD02609173EF101009D9814 /* LOGO242PX.png */,
				1AD99893173FB28000C2980E /* NEXT.png */,
			);
			name = Assests;
			sourceTree = "<group>";
		};
		1AD99876173F891300C2980E /* AFNetworking */ = {
			isa = PBXGroup;
			children = (
				1AD99877173F891300C2980E /* AFHTTPClient.h */,
				1AD99878173F891300C2980E /* AFHTTPClient.m */,
				1AD99879173F891300C2980E /* AFHTTPRequestOperation.h */,
				1AD9987A173F891300C2980E /* AFHTTPRequestOperation.m */,
				1AD9987B173F891300C2980E /* AFImageRequestOperation.h */,
				1AD9987C173F891300C2980E /* AFImageRequestOperation.m */,
				1AD9987D173F891300C2980E /* AFJSONRequestOperation.h */,
				1AD9987E173F891300C2980E /* AFJSONRequestOperation.m */,
				1AD9987F173F891300C2980E /* AFNetworkActivityIndicatorManager.h */,
				1AD99880173F891300C2980E /* AFNetworkActivityIndicatorManager.m */,
				1AD99881173F891300C2980E /* AFNetworking.h */,
				1AD99882173F891300C2980E /* AFPropertyListRequestOperation.h */,
				1AD99883173F891300C2980E /* AFPropertyListRequestOperation.m */,
				1AD99884173F891300C2980E /* AFURLConnectionOperation.h */,
				1AD99885173F891300C2980E /* AFURLConnectionOperation.m */,
				1AD99886173F891300C2980E /* AFXMLRequestOperation.h */,
				1AD99887173F891300C2980E /* AFXMLRequestOperation.m */,
				1AD99888173F891300C2980E /* UIImageView+AFNetworking.h */,
				1AD99889173F891300C2980E /* UIImageView+AFNetworking.m */,
			);
			path = AFNetworking;
			sourceTree = "<group>";
		};
/* End PBXGroup section */

/* Begin PBXNativeTarget section */
		1A20CCCE173EA5600044BA4D /* Jungle Battle */ = {
			isa = PBXNativeTarget;
			buildConfigurationList = 1A20CCF2173EA5600044BA4D /* Build configuration list for PBXNativeTarget "Jungle Battle" */;
			buildPhases = (
				1A20CCCB173EA5600044BA4D /* Sources */,
				1A20CCCC173EA5600044BA4D /* Frameworks */,
				1A20CCCD173EA5600044BA4D /* Resources */,
			);
			buildRules = (
			);
			dependencies = (
			);
			name = "Jungle Battle";
			productName = "Jungle Battle";
			productReference = 1A20CCCF173EA5600044BA4D /* Jungle Battle.app */;
			productType = "com.apple.product-type.application";
		};
/* End PBXNativeTarget section */

/* Begin PBXProject section */
		1A20CCC7173EA5600044BA4D /* Project object */ = {
			isa = PBXProject;
			attributes = {
				LastUpgradeCheck = 0460;
				ORGANIZATIONNAME = "Jean-Louis Danielo";
			};
			buildConfigurationList = 1A20CCCA173EA5600044BA4D /* Build configuration list for PBXProject "Jungle Battle" */;
			compatibilityVersion = "Xcode 3.2";
			developmentRegion = English;
			hasScannedForEncodings = 0;
			knownRegions = (
				en,
			);
			mainGroup = 1A20CCC6173EA5600044BA4D;
			productRefGroup = 1A20CCD0173EA5600044BA4D /* Products */;
			projectDirPath = "";
			projectRoot = "";
			targets = (
				1A20CCCE173EA5600044BA4D /* Jungle Battle */,
			);
		};
/* End PBXProject section */

/* Begin PBXResourcesBuildPhase section */
		1A20CCCD173EA5600044BA4D /* Resources */ = {
			isa = PBXResourcesBuildPhase;
			buildActionMask = 2147483647;
			files = (
				1A20CCDD173EA5600044BA4D /* InfoPlist.strings in Resources */,
				1A20CCE5173EA5600044BA4D /* Default.png in Resources */,
				1A20CCE7173EA5600044BA4D /* Default@2x.png in Resources */,
				1A20CCE9173EA5600044BA4D /* Default-568h@2x.png in Resources */,
				1AD0260C173EF101009D9814 /* COCARDE1.png in Resources */,
				1AD0260D173EF101009D9814 /* COCARDE2.png in Resources */,
				1AD0260E173EF101009D9814 /* COCARDE3.png in Resources */,
				1AD0260F173EF101009D9814 /* LOGO242PX.png in Resources */,
				1AD99894173FB28000C2980E /* NEXT.png in Resources */,
				1AD998C9173FB9C500C2980E /* ViewController.xib in Resources */,
				1AD998CC173FBDF800C2980E /* logocarre.png in Resources */,
				1AD998CD173FBDF800C2980E /* logocarre@2x.png in Resources */,
				1AD998CF173FBE0800C2980E /* logocarre@2x.png in Resources */,
				1AD998D1173FBE0D00C2980E /* logocarre.png in Resources */,
			);
			runOnlyForDeploymentPostprocessing = 0;
		};
/* End PBXResourcesBuildPhase section */

/* Begin PBXSourcesBuildPhase section */
		1A20CCCB173EA5600044BA4D /* Sources */ = {
			isa = PBXSourcesBuildPhase;
			buildActionMask = 2147483647;
			files = (
				1A20CCDF173EA5600044BA4D /* main.m in Sources */,
				1A20CCE3173EA5600044BA4D /* AppDelegate.m in Sources */,
				1A20CCEC173EA5600044BA4D /* ViewController.m in Sources */,
				1AD9988A173F891300C2980E /* AFHTTPClient.m in Sources */,
				1AD9988B173F891300C2980E /* AFHTTPRequestOperation.m in Sources */,
				1AD9988C173F891300C2980E /* AFImageRequestOperation.m in Sources */,
				1AD9988D173F891300C2980E /* AFJSONRequestOperation.m in Sources */,
				1AD9988E173F891300C2980E /* AFNetworkActivityIndicatorManager.m in Sources */,
				1AD9988F173F891300C2980E /* AFPropertyListRequestOperation.m in Sources */,
				1AD99890173F891300C2980E /* AFURLConnectionOperation.m in Sources */,
				1AD99891173F891300C2980E /* AFXMLRequestOperation.m in Sources */,
				1AD99892173F891300C2980E /* UIImageView+AFNetworking.m in Sources */,
			);
			runOnlyForDeploymentPostprocessing = 0;
		};
/* End PBXSourcesBuildPhase section */

/* Begin PBXVariantGroup section */
		1A20CCDB173EA5600044BA4D /* InfoPlist.strings */ = {
			isa = PBXVariantGroup;
			children = (
				1A20CCDC173EA5600044BA4D /* en */,
			);
			name = InfoPlist.strings;
			sourceTree = "<group>";
		};
/* End PBXVariantGroup section */

/* Begin XCBuildConfiguration section */
		1A20CCF0173EA5600044BA4D /* Debug */ = {
			isa = XCBuildConfiguration;
			buildSettings = {
				ALWAYS_SEARCH_USER_PATHS = NO;
				CLANG_CXX_LANGUAGE_STANDARD = "gnu++0x";
				CLANG_CXX_LIBRARY = "libc++";
				CLANG_ENABLE_OBJC_ARC = YES;
				CLANG_WARN_CONSTANT_CONVERSION = YES;
				CLANG_WARN_EMPTY_BODY = YES;
				CLANG_WARN_ENUM_CONVERSION = YES;
				CLANG_WARN_INT_CONVERSION = YES;
				CLANG_WARN__DUPLICATE_METHOD_MATCH = YES;
				"CODE_SIGN_IDENTITY[sdk=iphoneos*]" = "iPhone Developer";
				COPY_PHASE_STRIP = NO;
				GCC_C_LANGUAGE_STANDARD = gnu99;
				GCC_DYNAMIC_NO_PIC = NO;
				GCC_OPTIMIZATION_LEVEL = 0;
				GCC_PREPROCESSOR_DEFINITIONS = (
					"DEBUG=1",
					"$(inherited)",
				);
				GCC_SYMBOLS_PRIVATE_EXTERN = NO;
				GCC_WARN_ABOUT_RETURN_TYPE = YES;
				GCC_WARN_UNINITIALIZED_AUTOS = YES;
				GCC_WARN_UNUSED_VARIABLE = YES;
				IPHONEOS_DEPLOYMENT_TARGET = 6.1;
				ONLY_ACTIVE_ARCH = YES;
				SDKROOT = iphoneos;
			};
			name = Debug;
		};
		1A20CCF1173EA5600044BA4D /* Release */ = {
			isa = XCBuildConfiguration;
			buildSettings = {
				ALWAYS_SEARCH_USER_PATHS = NO;
				CLANG_CXX_LANGUAGE_STANDARD = "gnu++0x";
				CLANG_CXX_LIBRARY = "libc++";
				CLANG_ENABLE_OBJC_ARC = YES;
				CLANG_WARN_CONSTANT_CONVERSION = YES;
				CLANG_WARN_EMPTY_BODY = YES;
				CLANG_WARN_ENUM_CONVERSION = YES;
				CLANG_WARN_INT_CONVERSION = YES;
				CLANG_WARN__DUPLICATE_METHOD_MATCH = YES;
				"CODE_SIGN_IDENTITY[sdk=iphoneos*]" = "iPhone Developer";
				COPY_PHASE_STRIP = YES;
				GCC_C_LANGUAGE_STANDARD = gnu99;
				GCC_WARN_ABOUT_RETURN_TYPE = YES;
				GCC_WARN_UNINITIALIZED_AUTOS = YES;
				GCC_WARN_UNUSED_VARIABLE = YES;
				IPHONEOS_DEPLOYMENT_TARGET = 6.1;
				OTHER_CFLAGS = "-DNS_BLOCK_ASSERTIONS=1";
				SDKROOT = iphoneos;
				VALIDATE_PRODUCT = YES;
			};
			name = Release;
		};
		1A20CCF3173EA5600044BA4D /* Debug */ = {
			isa = XCBuildConfiguration;
			buildSettings = {
				GCC_PRECOMPILE_PREFIX_HEADER = YES;
				GCC_PREFIX_HEADER = "Jungle Battle/Jungle Battle-Prefix.pch";
				INFOPLIST_FILE = "Jungle Battle/Jungle Battle-Info.plist";
				IPHONEOS_DEPLOYMENT_TARGET = 5.0;
				PRODUCT_NAME = "$(TARGET_NAME)";
				WRAPPER_EXTENSION = app;
			};
			name = Debug;
		};
		1A20CCF4173EA5600044BA4D /* Release */ = {
			isa = XCBuildConfiguration;
			buildSettings = {
				GCC_PRECOMPILE_PREFIX_HEADER = YES;
				GCC_PREFIX_HEADER = "Jungle Battle/Jungle Battle-Prefix.pch";
				INFOPLIST_FILE = "Jungle Battle/Jungle Battle-Info.plist";
				IPHONEOS_DEPLOYMENT_TARGET = 5.0;
				PRODUCT_NAME = "$(TARGET_NAME)";
				WRAPPER_EXTENSION = app;
			};
			name = Release;
		};
/* End XCBuildConfiguration section */

/* Begin XCConfigurationList section */
		1A20CCCA173EA5600044BA4D /* Build configuration list for PBXProject "Jungle Battle" */ = {
			isa = XCConfigurationList;
			buildConfigurations = (
				1A20CCF0173EA5600044BA4D /* Debug */,
				1A20CCF1173EA5600044BA4D /* Release */,
			);
			defaultConfigurationIsVisible = 0;
			defaultConfigurationName = Release;
		};
		1A20CCF2173EA5600044BA4D /* Build configuration list for PBXNativeTarget "Jungle Battle" */ = {
			isa = XCConfigurationList;
			buildConfigurations = (
				1A20CCF3173EA5600044BA4D /* Debug */,
				1A20CCF4173EA5600044BA4D /* Release */,
			);
			defaultConfigurationIsVisible = 0;
			defaultConfigurationName = Release;
		};
/* End XCConfigurationList section */
	};
	rootObject = 1A20CCC7173EA5600044BA4D /* Project object */;
}
